
Microsoft Visual Studio Solution File, Format Version 12.00
# Visual Studio Version 16
VisualStudioVersion = 16.0.31829.152
MinimumVisualStudioVersion = 10.0.40219.1
Project("{FAE04EC0-301F-11D3-BF4B-00C04F79EFBC}") = "EmployeeWage", "EmployeeWage\EmployeeWage.csproj", "{D10B40FD-E702-40AF-8651-C5D07F3EE636}"
EndProject
Global
	GlobalSection(SolutionConfigurationPlatforms) = preSolution
		Debug|Any CPU = Debug|Any CPU
		Release|Any CPU = Release|Any CPU
	EndGlobalSection
	GlobalSection(ProjectConfigurationPlatforms) = postSolution
		{D10B40FD-E702-40AF-8651-C5D07F3EE636}.Debug|Any CPU.ActiveCfg = Debug|Any CPU
		{D10B40FD-E702-40AF-8651-C5D07F3EE636}.Debug|Any CPU.Build.0 = Debug|Any CPU
		{D10B40FD-E702-40AF-8651-C5D07F3EE636}.Release|Any CPU.ActiveCfg = Release|Any CPU
		{D10B40FD-E702-40AF-8651-C5D07F3EE636}.Release|Any CPU.Build.0 = Release|Any CPU
	EndGlobalSection
	GlobalSection(SolutionProperties) = preSolution
		HideSolutionNode = FALSE
	EndGlobalSection
	GlobalSection(ExtensibilityGlobals) = postSolution
		SolutionGuid = {D47AA03F-5B0E-489D-A6BC-8596F3B0A684}
	EndGlobalSection
EndGlobal
